
Microsoft Visual Studio Solution File, Format Version 12.00
# Visual Studio Version 16
VisualStudioVersion = 16.0.30804.86
MinimumVisualStudioVersion = 10.0.40219.1
Project("{9A19103F-16F7-4668-BE54-9A1E7A4F7556}") = "Send", "Send.csproj", "{5B574BEF-4CDE-4BC5-A9FD-E6B9F9B9EBD4}"
EndProject
Global
	GlobalSection(SolutionConfigurationPlatforms) = preSolution
		Debug|Any CPU = Debug|Any CPU
		Release|Any CPU = Release|Any CPU
	EndGlobalSection
	GlobalSection(ProjectConfigurationPlatforms) = postSolution
		{5B574BEF-4CDE-4BC5-A9FD-E6B9F9B9EBD4}.Debug|Any CPU.ActiveCfg = Debug|Any CPU
		{5B574BEF-4CDE-4BC5-A9FD-E6B9F9B9EBD4}.Debug|Any CPU.Build.0 = Debug|Any CPU
		{5B574BEF-4CDE-4BC5-A9FD-E6B9F9B9EBD4}.Release|Any CPU.ActiveCfg = Release|Any CPU
		{5B574BEF-4CDE-4BC5-A9FD-E6B9F9B9EBD4}.Release|Any CPU.Build.0 = Release|Any CPU
	EndGlobalSection
	GlobalSection(SolutionProperties) = preSolution
		HideSolutionNode = FALSE
	EndGlobalSection
	GlobalSection(ExtensibilityGlobals) = postSolution
		SolutionGuid = {94064513-4F8F-4913-86F7-225321192F32}
	EndGlobalSection
EndGlobal
